
Microsoft Visual Studio Solution File, Format Version 12.00
# Visual Studio Version 17
VisualStudioVersion = 17.3.32819.101
MinimumVisualStudioVersion = 10.0.40219.1
Project("{FAE04EC0-301F-11D3-BF4B-00C04F79EFBC}") = "AvansGreen.WebApp", "AvansGreen.WebApp\AvansGreen.WebApp.csproj", "{B801982C-8887-46F3-8665-47AEDDA56BED}"
EndProject
Project("{9A19103F-16F7-4668-BE54-9A1E7A4F7556}") = "Core.DomainServices", "Core.DomainServices\Core.DomainServices.csproj", "{844A885D-72A0-41C5-A3EF-48B165FE1EDE}"
EndProject
Project("{9A19103F-16F7-4668-BE54-9A1E7A4F7556}") = "Core.Domain", "Core.Domain\Core.Domain.csproj", "{E9AE6DCB-E6D5-4B73-B957-3F207BDC6F19}"
EndProject
Project("{FAE04EC0-301F-11D3-BF4B-00C04F79EFBC}") = "Infrastructure", "Infrastructure\Infrastructure.csproj", "{309E2CDF-27A6-4282-A6E2-6B3FC07BA006}"
EndProject
Project("{FAE04EC0-301F-11D3-BF4B-00C04F79EFBC}") = "AvansGreen.WebAPI", "AvansGreen.WebAPI\AvansGreen.WebAPI.csproj", "{1A7A44D1-0586-4A25-B369-DA473B9813AD}"
EndProject
Global
	GlobalSection(SolutionConfigurationPlatforms) = preSolution
		Debug|Any CPU = Debug|Any CPU
		Release|Any CPU = Release|Any CPU
	EndGlobalSection
	GlobalSection(ProjectConfigurationPlatforms) = postSolution
		{B801982C-8887-46F3-8665-47AEDDA56BED}.Debug|Any CPU.ActiveCfg = Debug|Any CPU
		{B801982C-8887-46F3-8665-47AEDDA56BED}.Debug|Any CPU.Build.0 = Debug|Any CPU
		{B801982C-8887-46F3-8665-47AEDDA56BED}.Release|Any CPU.ActiveCfg = Release|Any CPU
		{B801982C-8887-46F3-8665-47AEDDA56BED}.Release|Any CPU.Build.0 = Release|Any CPU
		{844A885D-72A0-41C5-A3EF-48B165FE1EDE}.Debug|Any CPU.ActiveCfg = Debug|Any CPU
		{844A885D-72A0-41C5-A3EF-48B165FE1EDE}.Debug|Any CPU.Build.0 = Debug|Any CPU
		{844A885D-72A0-41C5-A3EF-48B165FE1EDE}.Release|Any CPU.ActiveCfg = Release|Any CPU
		{844A885D-72A0-41C5-A3EF-48B165FE1EDE}.Release|Any CPU.Build.0 = Release|Any CPU
		{E9AE6DCB-E6D5-4B73-B957-3F207BDC6F19}.Debug|Any CPU.ActiveCfg = Debug|Any CPU
		{E9AE6DCB-E6D5-4B73-B957-3F207BDC6F19}.Debug|Any CPU.Build.0 = Debug|Any CPU
		{E9AE6DCB-E6D5-4B73-B957-3F207BDC6F19}.Release|Any CPU.ActiveCfg = Release|Any CPU
		{E9AE6DCB-E6D5-4B73-B957-3F207BDC6F19}.Release|Any CPU.Build.0 = Release|Any CPU
		{309E2CDF-27A6-4282-A6E2-6B3FC07BA006}.Debug|Any CPU.ActiveCfg = Debug|Any CPU
		{309E2CDF-27A6-4282-A6E2-6B3FC07BA006}.Debug|Any CPU.Build.0 = Debug|Any CPU
		{309E2CDF-27A6-4282-A6E2-6B3FC07BA006}.Release|Any CPU.ActiveCfg = Release|Any CPU
		{309E2CDF-27A6-4282-A6E2-6B3FC07BA006}.Release|Any CPU.Build.0 = Release|Any CPU
		{1A7A44D1-0586-4A25-B369-DA473B9813AD}.Debug|Any CPU.ActiveCfg = Debug|Any CPU
		{1A7A44D1-0586-4A25-B369-DA473B9813AD}.Debug|Any CPU.Build.0 = Debug|Any CPU
		{1A7A44D1-0586-4A25-B369-DA473B9813AD}.Release|Any CPU.ActiveCfg = Release|Any CPU
		{1A7A44D1-0586-4A25-B369-DA473B9813AD}.Release|Any CPU.Build.0 = Release|Any CPU
	EndGlobalSection
	GlobalSection(SolutionProperties) = preSolution
		HideSolutionNode = FALSE
	EndGlobalSection
	GlobalSection(ExtensibilityGlobals) = postSolution
		SolutionGuid = {35CDF121-8F82-405E-A1E0-5BD6725A9501}
	EndGlobalSection
EndGlobal
