
Microsoft Visual Studio Solution File, Format Version 12.00
# Visual Studio Version 17
VisualStudioVersion = 17.3.32819.101
MinimumVisualStudioVersion = 10.0.40219.1
Project("{9A19103F-16F7-4668-BE54-9A1E7A4F7556}") = "UI.AvansGreenPortal", "UI.AvansGreenPortal\UI.AvansGreenPortal.csproj", "{B801982C-8887-46F3-8665-47AEDDA56BED}"
	ProjectSection(ProjectDependencies) = postProject
		{844A885D-72A0-41C5-A3EF-48B165FE1EDE} = {844A885D-72A0-41C5-A3EF-48B165FE1EDE}
		{E9AE6DCB-E6D5-4B73-B957-3F207BDC6F19} = {E9AE6DCB-E6D5-4B73-B957-3F207BDC6F19}
	EndProjectSection
EndProject
Project("{9A19103F-16F7-4668-BE54-9A1E7A4F7556}") = "Core.DomainServices", "Core.DomainServices\Core.DomainServices.csproj", "{844A885D-72A0-41C5-A3EF-48B165FE1EDE}"
EndProject
Project("{9A19103F-16F7-4668-BE54-9A1E7A4F7556}") = "Core.Domain", "Core.Domain\Core.Domain.csproj", "{E9AE6DCB-E6D5-4B73-B957-3F207BDC6F19}"
EndProject
Project("{9A19103F-16F7-4668-BE54-9A1E7A4F7556}") = "Infrastructure.AG-EF", "Infrastructure.AG-EF\Infrastructure.AG-EF.csproj", "{FA379FD8-8A30-498E-83BD-17F6812EB15E}"
EndProject
Project("{9A19103F-16F7-4668-BE54-9A1E7A4F7556}") = "Core.Domain.Tests", "Core.Domain.Tests\Core.Domain.Tests.csproj", "{290A997C-6DF5-4D14-9794-4D27ED2A2164}"
EndProject
Project("{9A19103F-16F7-4668-BE54-9A1E7A4F7556}") = "UI.AG-PacketsGraphQLAPI", "UI.AG-PacketsGraphQLAPI\UI.AG-PacketsGraphQLAPI.csproj", "{5FE118BA-CDD5-4E48-8C2B-C4A16B48F371}"
EndProject
Project("{9A19103F-16F7-4668-BE54-9A1E7A4F7556}") = "UI.AG-StudentReservationsAPI", "UI.AG-StudentReservationsAPI\UI.AG-StudentReservationsAPI.csproj", "{CCC3D592-7677-43AA-8E1B-623355BB5AA2}"
EndProject
Project("{9A19103F-16F7-4668-BE54-9A1E7A4F7556}") = "Core.DomainServices.Tests", "Core.DomainServices.Tests\Core.DomainServices.Tests.csproj", "{72F604D7-AA3D-470B-9C5F-9E908021F999}"
EndProject
Project("{9A19103F-16F7-4668-BE54-9A1E7A4F7556}") = "UI-Infra.Security", "UI-Infra.Security\UI-Infra.Security.csproj", "{06B42A1C-873E-4745-868A-167C4AB65C09}"
	ProjectSection(ProjectDependencies) = postProject
		{844A885D-72A0-41C5-A3EF-48B165FE1EDE} = {844A885D-72A0-41C5-A3EF-48B165FE1EDE}
		{E9AE6DCB-E6D5-4B73-B957-3F207BDC6F19} = {E9AE6DCB-E6D5-4B73-B957-3F207BDC6F19}
	EndProjectSection
EndProject
Global
	GlobalSection(SolutionConfigurationPlatforms) = preSolution
		Debug|Any CPU = Debug|Any CPU
		Release|Any CPU = Release|Any CPU
	EndGlobalSection
	GlobalSection(ProjectConfigurationPlatforms) = postSolution
		{B801982C-8887-46F3-8665-47AEDDA56BED}.Debug|Any CPU.ActiveCfg = Debug|Any CPU
		{B801982C-8887-46F3-8665-47AEDDA56BED}.Debug|Any CPU.Build.0 = Debug|Any CPU
		{B801982C-8887-46F3-8665-47AEDDA56BED}.Release|Any CPU.ActiveCfg = Release|Any CPU
		{B801982C-8887-46F3-8665-47AEDDA56BED}.Release|Any CPU.Build.0 = Release|Any CPU
		{844A885D-72A0-41C5-A3EF-48B165FE1EDE}.Debug|Any CPU.ActiveCfg = Debug|Any CPU
		{844A885D-72A0-41C5-A3EF-48B165FE1EDE}.Debug|Any CPU.Build.0 = Debug|Any CPU
		{844A885D-72A0-41C5-A3EF-48B165FE1EDE}.Release|Any CPU.ActiveCfg = Release|Any CPU
		{844A885D-72A0-41C5-A3EF-48B165FE1EDE}.Release|Any CPU.Build.0 = Release|Any CPU
		{E9AE6DCB-E6D5-4B73-B957-3F207BDC6F19}.Debug|Any CPU.ActiveCfg = Debug|Any CPU
		{E9AE6DCB-E6D5-4B73-B957-3F207BDC6F19}.Debug|Any CPU.Build.0 = Debug|Any CPU
		{E9AE6DCB-E6D5-4B73-B957-3F207BDC6F19}.Release|Any CPU.ActiveCfg = Release|Any CPU
		{E9AE6DCB-E6D5-4B73-B957-3F207BDC6F19}.Release|Any CPU.Build.0 = Release|Any CPU
		{FA379FD8-8A30-498E-83BD-17F6812EB15E}.Debug|Any CPU.ActiveCfg = Debug|Any CPU
		{FA379FD8-8A30-498E-83BD-17F6812EB15E}.Debug|Any CPU.Build.0 = Debug|Any CPU
		{FA379FD8-8A30-498E-83BD-17F6812EB15E}.Release|Any CPU.ActiveCfg = Release|Any CPU
		{FA379FD8-8A30-498E-83BD-17F6812EB15E}.Release|Any CPU.Build.0 = Release|Any CPU
		{290A997C-6DF5-4D14-9794-4D27ED2A2164}.Debug|Any CPU.ActiveCfg = Debug|Any CPU
		{290A997C-6DF5-4D14-9794-4D27ED2A2164}.Debug|Any CPU.Build.0 = Debug|Any CPU
		{290A997C-6DF5-4D14-9794-4D27ED2A2164}.Release|Any CPU.ActiveCfg = Release|Any CPU
		{290A997C-6DF5-4D14-9794-4D27ED2A2164}.Release|Any CPU.Build.0 = Release|Any CPU
		{5FE118BA-CDD5-4E48-8C2B-C4A16B48F371}.Debug|Any CPU.ActiveCfg = Debug|Any CPU
		{5FE118BA-CDD5-4E48-8C2B-C4A16B48F371}.Debug|Any CPU.Build.0 = Debug|Any CPU
		{5FE118BA-CDD5-4E48-8C2B-C4A16B48F371}.Release|Any CPU.ActiveCfg = Release|Any CPU
		{5FE118BA-CDD5-4E48-8C2B-C4A16B48F371}.Release|Any CPU.Build.0 = Release|Any CPU
		{CCC3D592-7677-43AA-8E1B-623355BB5AA2}.Debug|Any CPU.ActiveCfg = Debug|Any CPU
		{CCC3D592-7677-43AA-8E1B-623355BB5AA2}.Debug|Any CPU.Build.0 = Debug|Any CPU
		{CCC3D592-7677-43AA-8E1B-623355BB5AA2}.Release|Any CPU.ActiveCfg = Release|Any CPU
		{CCC3D592-7677-43AA-8E1B-623355BB5AA2}.Release|Any CPU.Build.0 = Release|Any CPU
		{72F604D7-AA3D-470B-9C5F-9E908021F999}.Debug|Any CPU.ActiveCfg = Debug|Any CPU
		{72F604D7-AA3D-470B-9C5F-9E908021F999}.Debug|Any CPU.Build.0 = Debug|Any CPU
		{72F604D7-AA3D-470B-9C5F-9E908021F999}.Release|Any CPU.ActiveCfg = Release|Any CPU
		{72F604D7-AA3D-470B-9C5F-9E908021F999}.Release|Any CPU.Build.0 = Release|Any CPU
		{06B42A1C-873E-4745-868A-167C4AB65C09}.Debug|Any CPU.ActiveCfg = Debug|Any CPU
		{06B42A1C-873E-4745-868A-167C4AB65C09}.Debug|Any CPU.Build.0 = Debug|Any CPU
		{06B42A1C-873E-4745-868A-167C4AB65C09}.Release|Any CPU.ActiveCfg = Release|Any CPU
		{06B42A1C-873E-4745-868A-167C4AB65C09}.Release|Any CPU.Build.0 = Release|Any CPU
	EndGlobalSection
	GlobalSection(SolutionProperties) = preSolution
		HideSolutionNode = FALSE
	EndGlobalSection
	GlobalSection(ExtensibilityGlobals) = postSolution
		SolutionGuid = {35CDF121-8F82-405E-A1E0-5BD6725A9501}
	EndGlobalSection
EndGlobal
